
Microsoft Visual Studio Solution File, Format Version 12.00
# Visual Studio Version 17
VisualStudioVersion = 17.4.33110.190
MinimumVisualStudioVersion = 10.0.40219.1
Project("{FAE04EC0-301F-11D3-BF4B-00C04F79EFBC}") = "ExpenseTracker.Api", "ExpenseTracker.Api\ExpenseTracker.Api.csproj", "{7B482A8D-5BD3-4390-854D-675164A912C1}"
EndProject
Project("{FAE04EC0-301F-11D3-BF4B-00C04F79EFBC}") = "ExpenseTracker.Domain", "ExpenseTracker.Domain\ExpenseTracker.Domain.csproj", "{0393FFCF-D59C-463A-BDE0-0B5CD20F8188}"
EndProject
Project("{FAE04EC0-301F-11D3-BF4B-00C04F79EFBC}") = "ExpenseTracker.Application", "ExpenseTracker.Application\ExpenseTracker.Application.csproj", "{FA9FC952-2062-4A4C-ADD3-4F32C77703DC}"
EndProject
Project("{FAE04EC0-301F-11D3-BF4B-00C04F79EFBC}") = "ExpenseTracker.DataAccess", "ExpenseTracker.DataAccess\ExpenseTracker.DataAccess.csproj", "{498757CF-7DEB-467B-AF9B-ED680E27B4B7}"
EndProject
Global
	GlobalSection(SolutionConfigurationPlatforms) = preSolution
		Debug|Any CPU = Debug|Any CPU
		Release|Any CPU = Release|Any CPU
	EndGlobalSection
	GlobalSection(ProjectConfigurationPlatforms) = postSolution
		{7B482A8D-5BD3-4390-854D-675164A912C1}.Debug|Any CPU.ActiveCfg = Debug|Any CPU
		{7B482A8D-5BD3-4390-854D-675164A912C1}.Debug|Any CPU.Build.0 = Debug|Any CPU
		{7B482A8D-5BD3-4390-854D-675164A912C1}.Release|Any CPU.ActiveCfg = Release|Any CPU
		{7B482A8D-5BD3-4390-854D-675164A912C1}.Release|Any CPU.Build.0 = Release|Any CPU
		{0393FFCF-D59C-463A-BDE0-0B5CD20F8188}.Debug|Any CPU.ActiveCfg = Debug|Any CPU
		{0393FFCF-D59C-463A-BDE0-0B5CD20F8188}.Debug|Any CPU.Build.0 = Debug|Any CPU
		{0393FFCF-D59C-463A-BDE0-0B5CD20F8188}.Release|Any CPU.ActiveCfg = Release|Any CPU
		{0393FFCF-D59C-463A-BDE0-0B5CD20F8188}.Release|Any CPU.Build.0 = Release|Any CPU
		{FA9FC952-2062-4A4C-ADD3-4F32C77703DC}.Debug|Any CPU.ActiveCfg = Debug|Any CPU
		{FA9FC952-2062-4A4C-ADD3-4F32C77703DC}.Debug|Any CPU.Build.0 = Debug|Any CPU
		{FA9FC952-2062-4A4C-ADD3-4F32C77703DC}.Release|Any CPU.ActiveCfg = Release|Any CPU
		{FA9FC952-2062-4A4C-ADD3-4F32C77703DC}.Release|Any CPU.Build.0 = Release|Any CPU
		{498757CF-7DEB-467B-AF9B-ED680E27B4B7}.Debug|Any CPU.ActiveCfg = Debug|Any CPU
		{498757CF-7DEB-467B-AF9B-ED680E27B4B7}.Debug|Any CPU.Build.0 = Debug|Any CPU
		{498757CF-7DEB-467B-AF9B-ED680E27B4B7}.Release|Any CPU.ActiveCfg = Release|Any CPU
		{498757CF-7DEB-467B-AF9B-ED680E27B4B7}.Release|Any CPU.Build.0 = Release|Any CPU
	EndGlobalSection
	GlobalSection(SolutionProperties) = preSolution
		HideSolutionNode = FALSE
	EndGlobalSection
	GlobalSection(ExtensibilityGlobals) = postSolution
		SolutionGuid = {5E4BBFA5-0C90-43E3-9864-88ADB99E63CC}
	EndGlobalSection
EndGlobal
